
Microsoft Visual Studio Solution File, Format Version 12.00
# Visual Studio Version 17
VisualStudioVersion = 17.8.34330.188
MinimumVisualStudioVersion = 10.0.40219.1
Project("{FAE04EC0-301F-11D3-BF4B-00C04F79EFBC}") = "ZombEscape", "ZombEscape.csproj", "{CCBEC8FC-3C2F-40F7-BAC3-A738D45E54FD}"
EndProject
Global
	GlobalSection(SolutionConfigurationPlatforms) = preSolution
		Debug|Any CPU = Debug|Any CPU
		Release|Any CPU = Release|Any CPU
	EndGlobalSection
	GlobalSection(ProjectConfigurationPlatforms) = postSolution
		{CCBEC8FC-3C2F-40F7-BAC3-A738D45E54FD}.Debug|Any CPU.ActiveCfg = Debug|Any CPU
		{CCBEC8FC-3C2F-40F7-BAC3-A738D45E54FD}.Debug|Any CPU.Build.0 = Debug|Any CPU
		{CCBEC8FC-3C2F-40F7-BAC3-A738D45E54FD}.Release|Any CPU.ActiveCfg = Release|Any CPU
		{CCBEC8FC-3C2F-40F7-BAC3-A738D45E54FD}.Release|Any CPU.Build.0 = Release|Any CPU
	EndGlobalSection
	GlobalSection(SolutionProperties) = preSolution
		HideSolutionNode = FALSE
	EndGlobalSection
	GlobalSection(ExtensibilityGlobals) = postSolution
		SolutionGuid = {30EBB754-6AE5-4249-9C2B-382169FC353B}
	EndGlobalSection
EndGlobal
